{
  "name": "tw5-fusejs",
  "version": "0.9.1",
  "lockfileVersion": 1,
  "requires": true,
  "dependencies": {
    "@fortawesome/fontawesome-free": {
      "version": "5.14.0",
      "resolved": "https://registry.npmjs.org/@fortawesome/fontawesome-free/-/fontawesome-free-5.14.0.tgz",
      "integrity": "sha512-OfdMsF+ZQgdKHP9jUbmDcRrP0eX90XXrsXIdyjLbkmSBzmMXPABB8eobUJtivaupucYaByz6WNe1PI1JuYm3qA=="
    },
    "fuse.js": {
      "version": "6.4.0",
      "resolved": "https://registry.npmjs.org/fuse.js/-/fuse.js-6.4.0.tgz",
      "integrity": "sha512-MagWS1i3kj58BgF9xymo+n2ZiSs9MoyVfxkCcr11+mzMpNEyTDyLtbU3DyrVjHsy0Gkjf58FH1n+TaihylFcIA=="
    },
    "tiddlywiki": {
      "version": "5.1.22",
      "resolved": "https://registry.npmjs.org/tiddlywiki/-/tiddlywiki-5.1.22.tgz",
      "integrity": "sha512-Iav0iC9SnwN6HTYGRfEI7kYDoq+hlKr9fw9o8aTs0wxMp0UzqlvthGwlK1JwrdVIRL92no1lpVGhQQj16ncSQQ=="
    },
    "tw5-fontawesome": {
      "version": "1.2.21",
      "resolved": "https://registry.npmjs.org/tw5-fontawesome/-/tw5-fontawesome-1.2.21.tgz",
      "integrity": "sha512-bnos14X3sf8lloCYUq/YnhToyWFAnZDSzHMb5svJwUrkplOL/s9Ggg7inhQArEElaFV5tKNDAg/pTBw2amQIjQ==",
      "requires": {
        "@fortawesome/fontawesome-free": "^5.13.1",
        "tiddlywiki": "^5.1.22",
        "tw5-thirdflow": "^1.2.11"
      }
    },
    "tw5-thirdflow": {
      "version": "1.2.11",
      "resolved": "https://registry.npmjs.org/tw5-thirdflow/-/tw5-thirdflow-1.2.11.tgz",
      "integrity": "sha512-BQdSuGNX2q+kiU3hAspKO3kIOSbe6B6KDHj1Zq/NYg54ZCMe0ck3Gm860BCTBxbp05ogRxHTalB61vj5Tsx2xQ==",
      "requires": {
        "tiddlywiki": "^5.1.20"
      }
    }
  }
}
